// !$*UTF8*$!
{
	archiveVersion = 1;
	classes = {
	};
	objectVersion = 55;
	objects = {

/* Begin PBXBuildFile section */
		F028DECD27859F0100BBD316 /* WeatherApp.swift in Sources */ = {isa = PBXBuildFile; fileRef = F028DECC27859F0100BBD316 /* WeatherApp.swift */; };
		F028DECF27859F0100BBD316 /* ContentView.swift in Sources */ = {isa = PBXBuildFile; fileRef = F028DECE27859F0100BBD316 /* ContentView.swift */; };
		F028DED127859F0200BBD316 /* Assets.xcassets in Resources */ = {isa = PBXBuildFile; fileRef = F028DED027859F0200BBD316 /* Assets.xcassets */; };
		F028DED427859F0200BBD316 /* Preview Assets.xcassets in Resources */ = {isa = PBXBuildFile; fileRef = F028DED327859F0200BBD316 /* Preview Assets.xcassets */; };
		F028DEDB27859F2F00BBD316 /* Extensions.swift in Sources */ = {isa = PBXBuildFile; fileRef = F028DEDA27859F2F00BBD316 /* Extensions.swift */; };
		F028DEE02785A08700BBD316 /* WeatherRow.swift in Sources */ = {isa = PBXBuildFile; fileRef = F028DEDF2785A08700BBD316 /* WeatherRow.swift */; };
		F028DEE32785A18800BBD316 /* WeatherManager.swift in Sources */ = {isa = PBXBuildFile; fileRef = F028DEE22785A18800BBD316 /* WeatherManager.swift */; };
		F028DEE52785A43900BBD316 /* LocationManager.swift in Sources */ = {isa = PBXBuildFile; fileRef = F028DEE42785A43900BBD316 /* LocationManager.swift */; };
		F028DEE72785A52500BBD316 /* LoadingView.swift in Sources */ = {isa = PBXBuildFile; fileRef = F028DEE62785A52500BBD316 /* LoadingView.swift */; };
		F028DEE92785A56900BBD316 /* WelcomeView.swift in Sources */ = {isa = PBXBuildFile; fileRef = F028DEE82785A56900BBD316 /* WelcomeView.swift */; };
		F028DEED2785A65900BBD316 /* WeatherView.swift in Sources */ = {isa = PBXBuildFile; fileRef = F028DEEC2785A65900BBD316 /* WeatherView.swift */; };
		F028DEF02785ABEA00BBD316 /* ModelData.swift in Sources */ = {isa = PBXBuildFile; fileRef = F028DEEF2785ABEA00BBD316 /* ModelData.swift */; };
/* End PBXBuildFile section */

/* Begin PBXFileReference section */
		F028DEC927859F0100BBD316 /* Weather.app */ = {isa = PBXFileReference; explicitFileType = wrapper.application; includeInIndex = 0; path = Weather.app; sourceTree = BUILT_PRODUCTS_DIR; };
		F028DECC27859F0100BBD316 /* WeatherApp.swift */ = {isa = PBXFileReference; lastKnownFileType = sourcecode.swift; path = WeatherApp.swift; sourceTree = "<group>"; };
		F028DECE27859F0100BBD316 /* ContentView.swift */ = {isa = PBXFileReference; lastKnownFileType = sourcecode.swift; path = ContentView.swift; sourceTree = "<group>"; };
		F028DED027859F0200BBD316 /* Assets.xcassets */ = {isa = PBXFileReference; lastKnownFileType = folder.assetcatalog; path = Assets.xcassets; sourceTree = "<group>"; };
		F028DED327859F0200BBD316 /* Preview Assets.xcassets */ = {isa = PBXFileReference; lastKnownFileType = folder.assetcatalog; path = "Preview Assets.xcassets"; sourceTree = "<group>"; };
		F028DEDA27859F2F00BBD316 /* Extensions.swift */ = {isa = PBXFileReference; lastKnownFileType = sourcecode.swift; path = Extensions.swift; sourceTree = "<group>"; };
		F028DEDF2785A08700BBD316 /* WeatherRow.swift */ = {isa = PBXFileReference; lastKnownFileType = sourcecode.swift; path = WeatherRow.swift; sourceTree = "<group>"; };
		F028DEE22785A18800BBD316 /* WeatherManager.swift */ = {isa = PBXFileReference; lastKnownFileType = sourcecode.swift; path = WeatherManager.swift; sourceTree = "<group>"; };
		F028DEE42785A43900BBD316 /* LocationManager.swift */ = {isa = PBXFileReference; lastKnownFileType = sourcecode.swift; path = LocationManager.swift; sourceTree = "<group>"; };
		F028DEE62785A52500BBD316 /* LoadingView.swift */ = {isa = PBXFileReference; lastKnownFileType = sourcecode.swift; path = LoadingView.swift; sourceTree = "<group>"; };
		F028DEE82785A56900BBD316 /* WelcomeView.swift */ = {isa = PBXFileReference; lastKnownFileType = sourcecode.swift; path = WelcomeView.swift; sourceTree = "<group>"; };
		F028DEEC2785A65900BBD316 /* WeatherView.swift */ = {isa = PBXFileReference; lastKnownFileType = sourcecode.swift; path = WeatherView.swift; sourceTree = "<group>"; };
		F028DEEE2785ABC700BBD316 /* weatherData.json */ = {isa = PBXFileReference; lastKnownFileType = text.json; path = weatherData.json; sourceTree = "<group>"; };
		F028DEEF2785ABEA00BBD316 /* ModelData.swift */ = {isa = PBXFileReference; lastKnownFileType = sourcecode.swift; path = ModelData.swift; sourceTree = "<group>"; };
/* End PBXFileReference section */

/* Begin PBXFrameworksBuildPhase section */
		F028DEC627859F0100BBD316 /* Frameworks */ = {
			isa = PBXFrameworksBuildPhase;
			buildActionMask = 2147483647;
			files = (
			);
			runOnlyForDeploymentPostprocessing = 0;
		};
/* End PBXFrameworksBuildPhase section */

/* Begin PBXGroup section */
		F028DEC027859F0100BBD316 = {
			isa = PBXGroup;
			children = (
				F028DECB27859F0100BBD316 /* Weather */,
				F028DECA27859F0100BBD316 /* Products */,
			);
			sourceTree = "<group>";
		};
		F028DECA27859F0100BBD316 /* Products */ = {
			isa = PBXGroup;
			children = (
				F028DEC927859F0100BBD316 /* Weather.app */,
			);
			name = Products;
			sourceTree = "<group>";
		};
		F028DECB27859F0100BBD316 /* Weather */ = {
			isa = PBXGroup;
			children = (
				F028DEE12785A17600BBD316 /* Managers */,
				F028DEDD2785A06100BBD316 /* App */,
				F028DEDC2785A05500BBD316 /* Views */,
				F028DED227859F0200BBD316 /* Preview Content */,
				F028DEDE2785A06D00BBD316 /* Helpers */,
			);
			path = Weather;
			sourceTree = "<group>";
		};
		F028DED227859F0200BBD316 /* Preview Content */ = {
			isa = PBXGroup;
			children = (
				F028DED327859F0200BBD316 /* Preview Assets.xcassets */,
				F028DEEE2785ABC700BBD316 /* weatherData.json */,
				F028DEEF2785ABEA00BBD316 /* ModelData.swift */,
			);
			path = "Preview Content";
			sourceTree = "<group>";
		};
		F028DEDC2785A05500BBD316 /* Views */ = {
			isa = PBXGroup;
			children = (
				F028DECE27859F0100BBD316 /* ContentView.swift */,
				F028DEDF2785A08700BBD316 /* WeatherRow.swift */,
				F028DEE62785A52500BBD316 /* LoadingView.swift */,
				F028DEE82785A56900BBD316 /* WelcomeView.swift */,
				F028DEEC2785A65900BBD316 /* WeatherView.swift */,
			);
			path = Views;
			sourceTree = "<group>";
		};
		F028DEDD2785A06100BBD316 /* App */ = {
			isa = PBXGroup;
			children = (
				F028DECC27859F0100BBD316 /* WeatherApp.swift */,
				F028DED027859F0200BBD316 /* Assets.xcassets */,
			);
			path = App;
			sourceTree = "<group>";
		};
		F028DEDE2785A06D00BBD316 /* Helpers */ = {
			isa = PBXGroup;
			children = (
				F028DEDA27859F2F00BBD316 /* Extensions.swift */,
			);
			path = Helpers;
			sourceTree = "<group>";
		};
		F028DEE12785A17600BBD316 /* Managers */ = {
			isa = PBXGroup;
			children = (
				F028DEE22785A18800BBD316 /* WeatherManager.swift */,
				F028DEE42785A43900BBD316 /* LocationManager.swift */,
			);
			path = Managers;
			sourceTree = "<group>";
		};
/* End PBXGroup section */

/* Begin PBXNativeTarget section */
		F028DEC827859F0100BBD316 /* Weather */ = {
			isa = PBXNativeTarget;
			buildConfigurationList = F028DED727859F0200BBD316 /* Build configuration list for PBXNativeTarget "Weather" */;
			buildPhases = (
				F028DEC527859F0100BBD316 /* Sources */,
				F028DEC627859F0100BBD316 /* Frameworks */,
				F028DEC727859F0100BBD316 /* Resources */,
			);
			buildRules = (
			);
			dependencies = (
			);
			name = Weather;
			productName = Weather;
			productReference = F028DEC927859F0100BBD316 /* Weather.app */;
			productType = "com.apple.product-type.application";
		};
/* End PBXNativeTarget section */

/* Begin PBXProject section */
		F028DEC127859F0100BBD316 /* Project object */ = {
			isa = PBXProject;
			attributes = {
				BuildIndependentTargetsInParallel = 1;
				LastSwiftUpdateCheck = 1310;
				LastUpgradeCheck = 1310;
				TargetAttributes = {
					F028DEC827859F0100BBD316 = {
						CreatedOnToolsVersion = 13.1;
					};
				};
			};
			buildConfigurationList = F028DEC427859F0100BBD316 /* Build configuration list for PBXProject "Weather" */;
			compatibilityVersion = "Xcode 13.0";
			developmentRegion = en;
			hasScannedForEncodings = 0;
			knownRegions = (
				en,
				Base,
			);
			mainGroup = F028DEC027859F0100BBD316;
			productRefGroup = F028DECA27859F0100BBD316 /* Products */;
			projectDirPath = "";
			projectRoot = "";
			targets = (
				F028DEC827859F0100BBD316 /* Weather */,
			);
		};
/* End PBXProject section */

/* Begin PBXResourcesBuildPhase section */
		F028DEC727859F0100BBD316 /* Resources */ = {
			isa = PBXResourcesBuildPhase;
			buildActionMask = 2147483647;
			files = (
				F028DED427859F0200BBD316 /* Preview Assets.xcassets in Resources */,
				F028DED127859F0200BBD316 /* Assets.xcassets in Resources */,
			);
			runOnlyForDeploymentPostprocessing = 0;
		};
/* End PBXResourcesBuildPhase section */

/* Begin PBXSourcesBuildPhase section */
		F028DEC527859F0100BBD316 /* Sources */ = {
			isa = PBXSourcesBuildPhase;
			buildActionMask = 2147483647;
			files = (
				F028DECF27859F0100BBD316 /* ContentView.swift in Sources */,
				F028DEDB27859F2F00BBD316 /* Extensions.swift in Sources */,
				F028DEE52785A43900BBD316 /* LocationManager.swift in Sources */,
				F028DEE92785A56900BBD316 /* WelcomeView.swift in Sources */,
				F028DEE32785A18800BBD316 /* WeatherManager.swift in Sources */,
				F028DECD27859F0100BBD316 /* WeatherApp.swift in Sources */,
				F028DEED2785A65900BBD316 /* WeatherView.swift in Sources */,
				F028DEF02785ABEA00BBD316 /* ModelData.swift in Sources */,
				F028DEE72785A52500BBD316 /* LoadingView.swift in Sources */,
				F028DEE02785A08700BBD316 /* WeatherRow.swift in Sources */,
			);
			runOnlyForDeploymentPostprocessing = 0;
		};
/* End PBXSourcesBuildPhase section */

/* Begin XCBuildConfiguration section */
		F028DED527859F0200BBD316 /* Debug */ = {
			isa = XCBuildConfiguration;
			buildSettings = {
				ALWAYS_SEARCH_USER_PATHS = NO;
				CLANG_ANALYZER_NONNULL = YES;
				CLANG_ANALYZER_NUMBER_OBJECT_CONVERSION = YES_AGGRESSIVE;
				CLANG_CXX_LANGUAGE_STANDARD = "gnu++17";
				CLANG_CXX_LIBRARY = "libc++";
				CLANG_ENABLE_MODULES = YES;
				CLANG_ENABLE_OBJC_ARC = YES;
				CLANG_ENABLE_OBJC_WEAK = YES;
				CLANG_WARN_BLOCK_CAPTURE_AUTORELEASING = YES;
				CLANG_WARN_BOOL_CONVERSION = YES;
				CLANG_WARN_COMMA = YES;
				CLANG_WARN_CONSTANT_CONVERSION = YES;
				CLANG_WARN_DEPRECATED_OBJC_IMPLEMENTATIONS = YES;
				CLANG_WARN_DIRECT_OBJC_ISA_USAGE = YES_ERROR;
				CLANG_WARN_DOCUMENTATION_COMMENTS = YES;
				CLANG_WARN_EMPTY_BODY = YES;
				CLANG_WARN_ENUM_CONVERSION = YES;
				CLANG_WARN_INFINITE_RECURSION = YES;
				CLANG_WARN_INT_CONVERSION = YES;
				CLANG_WARN_NON_LITERAL_NULL_CONVERSION = YES;
				CLANG_WARN_OBJC_IMPLICIT_RETAIN_SELF = YES;
				CLANG_WARN_OBJC_LITERAL_CONVERSION = YES;
				CLANG_WARN_OBJC_ROOT_CLASS = YES_ERROR;
				CLANG_WARN_QUOTED_INCLUDE_IN_FRAMEWORK_HEADER = YES;
				CLANG_WARN_RANGE_LOOP_ANALYSIS = YES;
				CLANG_WARN_STRICT_PROTOTYPES = YES;
				CLANG_WARN_SUSPICIOUS_MOVE = YES;
				CLANG_WARN_UNGUARDED_AVAILABILITY = YES_AGGRESSIVE;
				CLANG_WARN_UNREACHABLE_CODE = YES;
				CLANG_WARN__DUPLICATE_METHOD_MATCH = YES;
				COPY_PHASE_STRIP = NO;
				DEBUG_INFORMATION_FORMAT = dwarf;
				ENABLE_STRICT_OBJC_MSGSEND = YES;
				ENABLE_TESTABILITY = YES;
				GCC_C_LANGUAGE_STANDARD = gnu11;
				GCC_DYNAMIC_NO_PIC = NO;
				GCC_NO_COMMON_BLOCKS = YES;
				GCC_OPTIMIZATION_LEVEL = 0;
				GCC_PREPROCESSOR_DEFINITIONS = (
					"DEBUG=1",
					"$(inherited)",
				);
				GCC_WARN_64_TO_32_BIT_CONVERSION = YES;
				GCC_WARN_ABOUT_RETURN_TYPE = YES_ERROR;
				GCC_WARN_UNDECLARED_SELECTOR = YES;
				GCC_WARN_UNINITIALIZED_AUTOS = YES_AGGRESSIVE;
				GCC_WARN_UNUSED_FUNCTION = YES;
				GCC_WARN_UNUSED_VARIABLE = YES;
				IPHONEOS_DEPLOYMENT_TARGET = 15.0;
				MTL_ENABLE_DEBUG_INFO = INCLUDE_SOURCE;
				MTL_FAST_MATH = YES;
				ONLY_ACTIVE_ARCH = YES;
				SDKROOT = iphoneos;
				SWIFT_ACTIVE_COMPILATION_CONDITIONS = DEBUG;
				SWIFT_OPTIMIZATION_LEVEL = "-Onone";
			};
			name = Debug;
		};
		F028DED627859F0200BBD316 /* Release */ = {
			isa = XCBuildConfiguration;
			buildSettings = {
				ALWAYS_SEARCH_USER_PATHS = NO;
				CLANG_ANALYZER_NONNULL = YES;
				CLANG_ANALYZER_NUMBER_OBJECT_CONVERSION = YES_AGGRESSIVE;
				CLANG_CXX_LANGUAGE_STANDARD = "gnu++17";
				CLANG_CXX_LIBRARY = "libc++";
				CLANG_ENABLE_MODULES = YES;
				CLANG_ENABLE_OBJC_ARC = YES;
				CLANG_ENABLE_OBJC_WEAK = YES;
				CLANG_WARN_BLOCK_CAPTURE_AUTORELEASING = YES;
				CLANG_WARN_BOOL_CONVERSION = YES;
				CLANG_WARN_COMMA = YES;
				CLANG_WARN_CONSTANT_CONVERSION = YES;
				CLANG_WARN_DEPRECATED_OBJC_IMPLEMENTATIONS = YES;
				CLANG_WARN_DIRECT_OBJC_ISA_USAGE = YES_ERROR;
				CLANG_WARN_DOCUMENTATION_COMMENTS = YES;
				CLANG_WARN_EMPTY_BODY = YES;
				CLANG_WARN_ENUM_CONVERSION = YES;
				CLANG_WARN_INFINITE_RECURSION = YES;
				CLANG_WARN_INT_CONVERSION = YES;
				CLANG_WARN_NON_LITERAL_NULL_CONVERSION = YES;
				CLANG_WARN_OBJC_IMPLICIT_RETAIN_SELF = YES;
				CLANG_WARN_OBJC_LITERAL_CONVERSION = YES;
				CLANG_WARN_OBJC_ROOT_CLASS = YES_ERROR;
				CLANG_WARN_QUOTED_INCLUDE_IN_FRAMEWORK_HEADER = YES;
				CLANG_WARN_RANGE_LOOP_ANALYSIS = YES;
				CLANG_WARN_STRICT_PROTOTYPES = YES;
				CLANG_WARN_SUSPICIOUS_MOVE = YES;
				CLANG_WARN_UNGUARDED_AVAILABILITY = YES_AGGRESSIVE;
				CLANG_WARN_UNREACHABLE_CODE = YES;
				CLANG_WARN__DUPLICATE_METHOD_MATCH = YES;
				COPY_PHASE_STRIP = NO;
				DEBUG_INFORMATION_FORMAT = "dwarf-with-dsym";
				ENABLE_NS_ASSERTIONS = NO;
				ENABLE_STRICT_OBJC_MSGSEND = YES;
				GCC_C_LANGUAGE_STANDARD = gnu11;
				GCC_NO_COMMON_BLOCKS = YES;
				GCC_WARN_64_TO_32_BIT_CONVERSION = YES;
				GCC_WARN_ABOUT_RETURN_TYPE = YES_ERROR;
				GCC_WARN_UNDECLARED_SELECTOR = YES;
				GCC_WARN_UNINITIALIZED_AUTOS = YES_AGGRESSIVE;
				GCC_WARN_UNUSED_FUNCTION = YES;
				GCC_WARN_UNUSED_VARIABLE = YES;
				IPHONEOS_DEPLOYMENT_TARGET = 15.0;
				MTL_ENABLE_DEBUG_INFO = NO;
				MTL_FAST_MATH = YES;
				SDKROOT = iphoneos;
				SWIFT_COMPILATION_MODE = wholemodule;
				SWIFT_OPTIMIZATION_LEVEL = "-O";
				VALIDATE_PRODUCT = YES;
			};
			name = Release;
		};
		F028DED827859F0200BBD316 /* Debug */ = {
			isa = XCBuildConfiguration;
			buildSettings = {
				ASSETCATALOG_COMPILER_APPICON_NAME = AppIcon;
				ASSETCATALOG_COMPILER_GLOBAL_ACCENT_COLOR_NAME = AccentColor;
				CODE_SIGN_STYLE = Automatic;
				CURRENT_PROJECT_VERSION = 1;
				DEVELOPMENT_ASSET_PATHS = "\"Weather/Preview Content\"";
				DEVELOPMENT_TEAM = QMW26WR72K;
				ENABLE_PREVIEWS = YES;
				GENERATE_INFOPLIST_FILE = YES;
				INFOPLIST_KEY_UIApplicationSceneManifest_Generation = YES;
				INFOPLIST_KEY_UIApplicationSupportsIndirectInputEvents = YES;
				INFOPLIST_KEY_UILaunchScreen_Generation = YES;
				INFOPLIST_KEY_UISupportedInterfaceOrientations = UIInterfaceOrientationPortrait;
				INFOPLIST_KEY_UISupportedInterfaceOrientations_iPad = "UIInterfaceOrientationPortrait UIInterfaceOrientationPortraitUpsideDown UIInterfaceOrientationLandscapeLeft UIInterfaceOrientationLandscapeRight";
				INFOPLIST_KEY_UISupportedInterfaceOrientations_iPhone = "UIInterfaceOrientationPortrait UIInterfaceOrientationLandscapeLeft UIInterfaceOrientationLandscapeRight";
				LD_RUNPATH_SEARCH_PATHS = (
					"$(inherited)",
					"@executable_path/Frameworks",
				);
				MARKETING_VERSION = 1.0;
				PRODUCT_BUNDLE_IDENTIFIER = co.armanabkar.Weather;
				PRODUCT_NAME = "$(TARGET_NAME)";
				SWIFT_EMIT_LOC_STRINGS = YES;
				SWIFT_VERSION = 5.0;
				TARGETED_DEVICE_FAMILY = "1,2";
			};
			name = Debug;
		};
		F028DED927859F0200BBD316 /* Release */ = {
			isa = XCBuildConfiguration;
			buildSettings = {
				ASSETCATALOG_COMPILER_APPICON_NAME = AppIcon;
				ASSETCATALOG_COMPILER_GLOBAL_ACCENT_COLOR_NAME = AccentColor;
				CODE_SIGN_STYLE = Automatic;
				CURRENT_PROJECT_VERSION = 1;
				DEVELOPMENT_ASSET_PATHS = "\"Weather/Preview Content\"";
				DEVELOPMENT_TEAM = QMW26WR72K;
				ENABLE_PREVIEWS = YES;
				GENERATE_INFOPLIST_FILE = YES;
				INFOPLIST_KEY_UIApplicationSceneManifest_Generation = YES;
				INFOPLIST_KEY_UIApplicationSupportsIndirectInputEvents = YES;
				INFOPLIST_KEY_UILaunchScreen_Generation = YES;
				INFOPLIST_KEY_UISupportedInterfaceOrientations = UIInterfaceOrientationPortrait;
				INFOPLIST_KEY_UISupportedInterfaceOrientations_iPad = "UIInterfaceOrientationPortrait UIInterfaceOrientationPortraitUpsideDown UIInterfaceOrientationLandscapeLeft UIInterfaceOrientationLandscapeRight";
				INFOPLIST_KEY_UISupportedInterfaceOrientations_iPhone = "UIInterfaceOrientationPortrait UIInterfaceOrientationLandscapeLeft UIInterfaceOrientationLandscapeRight";
				LD_RUNPATH_SEARCH_PATHS = (
					"$(inherited)",
					"@executable_path/Frameworks",
				);
				MARKETING_VERSION = 1.0;
				PRODUCT_BUNDLE_IDENTIFIER = co.armanabkar.Weather;
				PRODUCT_NAME = "$(TARGET_NAME)";
				SWIFT_EMIT_LOC_STRINGS = YES;
				SWIFT_VERSION = 5.0;
				TARGETED_DEVICE_FAMILY = "1,2";
			};
			name = Release;
		};
/* End XCBuildConfiguration section */

/* Begin XCConfigurationList section */
		F028DEC427859F0100BBD316 /* Build configuration list for PBXProject "Weather" */ = {
			isa = XCConfigurationList;
			buildConfigurations = (
				F028DED527859F0200BBD316 /* Debug */,
				F028DED627859F0200BBD316 /* Release */,
			);
			defaultConfigurationIsVisible = 0;
			defaultConfigurationName = Release;
		};
		F028DED727859F0200BBD316 /* Build configuration list for PBXNativeTarget "Weather" */ = {
			isa = XCConfigurationList;
			buildConfigurations = (
				F028DED827859F0200BBD316 /* Debug */,
				F028DED927859F0200BBD316 /* Release */,
			);
			defaultConfigurationIsVisible = 0;
			defaultConfigurationName = Release;
		};
/* End XCConfigurationList section */
	};
	rootObject = F028DEC127859F0100BBD316 /* Project object */;
}
